// !$*UTF8*$!
{
	archiveVersion = 1;
	classes = {
	};
	objectVersion = 56;
	objects = {

/* Begin PBXBuildFile section */
		D231B92A28B7D41400DF9784 /* BugPopulationsApp.swift in Sources */ = {isa = PBXBuildFile; fileRef = D231B92928B7D41400DF9784 /* BugPopulationsApp.swift */; };
		D231B92C28B7D41400DF9784 /* ContentView.swift in Sources */ = {isa = PBXBuildFile; fileRef = D231B92B28B7D41400DF9784 /* ContentView.swift */; };
		D231B92E28B7D41500DF9784 /* Assets.xcassets in Resources */ = {isa = PBXBuildFile; fileRef = D231B92D28B7D41500DF9784 /* Assets.xcassets */; };
		D231B93228B7D41500DF9784 /* Preview Assets.xcassets in Resources */ = {isa = PBXBuildFile; fileRef = D231B93128B7D41500DF9784 /* Preview Assets.xcassets */; };
		D231B93C28B7D41600DF9784 /* BugPopulationsTests.swift in Sources */ = {isa = PBXBuildFile; fileRef = D231B93B28B7D41600DF9784 /* BugPopulationsTests.swift */; };
		D231B94628B7D41600DF9784 /* BugPopulationsUITests.swift in Sources */ = {isa = PBXBuildFile; fileRef = D231B94528B7D41600DF9784 /* BugPopulationsUITests.swift */; };
		D231B94828B7D41600DF9784 /* BugPopulationsUITestsLaunchTests.swift in Sources */ = {isa = PBXBuildFile; fileRef = D231B94728B7D41600DF9784 /* BugPopulationsUITestsLaunchTests.swift */; };
		D231B95528B7D51200DF9784 /* Operators.swift in Sources */ = {isa = PBXBuildFile; fileRef = D231B95428B7D51200DF9784 /* Operators.swift */; };
		D231B95628B7D51200DF9784 /* Operators.swift in Sources */ = {isa = PBXBuildFile; fileRef = D231B95428B7D51200DF9784 /* Operators.swift */; };
		D231B95728B7D51200DF9784 /* Operators.swift in Sources */ = {isa = PBXBuildFile; fileRef = D231B95428B7D51200DF9784 /* Operators.swift */; };
		D231B95928B7D57600DF9784 /* TextView.swift in Sources */ = {isa = PBXBuildFile; fileRef = D231B95828B7D57600DF9784 /* TextView.swift */; };
		D231B95A28B7D57600DF9784 /* TextView.swift in Sources */ = {isa = PBXBuildFile; fileRef = D231B95828B7D57600DF9784 /* TextView.swift */; };
		D231B95B28B7D57600DF9784 /* TextView.swift in Sources */ = {isa = PBXBuildFile; fileRef = D231B95828B7D57600DF9784 /* TextView.swift */; };
		D231B95D28B7D5F000DF9784 /* TextExportDocument.swift in Sources */ = {isa = PBXBuildFile; fileRef = D231B95C28B7D5F000DF9784 /* TextExportDocument.swift */; };
		D231B95E28B7D5F000DF9784 /* TextExportDocument.swift in Sources */ = {isa = PBXBuildFile; fileRef = D231B95C28B7D5F000DF9784 /* TextExportDocument.swift */; };
		D231B95F28B7D5F000DF9784 /* TextExportDocument.swift in Sources */ = {isa = PBXBuildFile; fileRef = D231B95C28B7D5F000DF9784 /* TextExportDocument.swift */; };
		D231B96128B7D67200DF9784 /* CalculatePlotData.swift in Sources */ = {isa = PBXBuildFile; fileRef = D231B96028B7D67200DF9784 /* CalculatePlotData.swift */; };
		D231B96228B7D67200DF9784 /* CalculatePlotData.swift in Sources */ = {isa = PBXBuildFile; fileRef = D231B96028B7D67200DF9784 /* CalculatePlotData.swift */; };
		D231B96328B7D67200DF9784 /* CalculatePlotData.swift in Sources */ = {isa = PBXBuildFile; fileRef = D231B96028B7D67200DF9784 /* CalculatePlotData.swift */; };
		D231B96528B7D6BF00DF9784 /* ChangingPlotParameters.swift in Sources */ = {isa = PBXBuildFile; fileRef = D231B96428B7D6BF00DF9784 /* ChangingPlotParameters.swift */; };
		D231B96628B7D6BF00DF9784 /* ChangingPlotParameters.swift in Sources */ = {isa = PBXBuildFile; fileRef = D231B96428B7D6BF00DF9784 /* ChangingPlotParameters.swift */; };
		D231B96728B7D6BF00DF9784 /* ChangingPlotParameters.swift in Sources */ = {isa = PBXBuildFile; fileRef = D231B96428B7D6BF00DF9784 /* ChangingPlotParameters.swift */; };
		D231B96928B7D7E700DF9784 /* PlotDataStruct.swift in Sources */ = {isa = PBXBuildFile; fileRef = D231B96828B7D7E700DF9784 /* PlotDataStruct.swift */; };
		D231B96A28B7D7E700DF9784 /* PlotDataStruct.swift in Sources */ = {isa = PBXBuildFile; fileRef = D231B96828B7D7E700DF9784 /* PlotDataStruct.swift */; };
		D231B96B28B7D7E700DF9784 /* PlotDataStruct.swift in Sources */ = {isa = PBXBuildFile; fileRef = D231B96828B7D7E700DF9784 /* PlotDataStruct.swift */; };
		D231B96D28B7D92200DF9784 /* PlotClass.swift in Sources */ = {isa = PBXBuildFile; fileRef = D231B96C28B7D92200DF9784 /* PlotClass.swift */; };
		D231B96E28B7D92200DF9784 /* PlotClass.swift in Sources */ = {isa = PBXBuildFile; fileRef = D231B96C28B7D92200DF9784 /* PlotClass.swift */; };
		D231B96F28B7D92200DF9784 /* PlotClass.swift in Sources */ = {isa = PBXBuildFile; fileRef = D231B96C28B7D92200DF9784 /* PlotClass.swift */; };
		D231B97128B7D97300DF9784 /* PlotDataClass.swift in Sources */ = {isa = PBXBuildFile; fileRef = D231B97028B7D97300DF9784 /* PlotDataClass.swift */; };
		D231B97228B7D97300DF9784 /* PlotDataClass.swift in Sources */ = {isa = PBXBuildFile; fileRef = D231B97028B7D97300DF9784 /* PlotDataClass.swift */; };
		D231B97328B7D97300DF9784 /* PlotDataClass.swift in Sources */ = {isa = PBXBuildFile; fileRef = D231B97028B7D97300DF9784 /* PlotDataClass.swift */; };
/* End PBXBuildFile section */

/* Begin PBXContainerItemProxy section */
		D231B93828B7D41500DF9784 /* PBXContainerItemProxy */ = {
			isa = PBXContainerItemProxy;
			containerPortal = D231B91E28B7D41400DF9784 /* Project object */;
			proxyType = 1;
			remoteGlobalIDString = D231B92528B7D41400DF9784;
			remoteInfo = "Test Plot Threaded Charts";
		};
		D231B94228B7D41600DF9784 /* PBXContainerItemProxy */ = {
			isa = PBXContainerItemProxy;
			containerPortal = D231B91E28B7D41400DF9784 /* Project object */;
			proxyType = 1;
			remoteGlobalIDString = D231B92528B7D41400DF9784;
			remoteInfo = "Test Plot Threaded Charts";
		};
/* End PBXContainerItemProxy section */

/* Begin PBXFileReference section */
		D231B92628B7D41400DF9784 /* BugPopulations.app */ = {isa = PBXFileReference; explicitFileType = wrapper.application; includeInIndex = 0; path = BugPopulations.app; sourceTree = BUILT_PRODUCTS_DIR; };
		D231B92928B7D41400DF9784 /* BugPopulationsApp.swift */ = {isa = PBXFileReference; lastKnownFileType = sourcecode.swift; path = BugPopulationsApp.swift; sourceTree = "<group>"; };
		D231B92B28B7D41400DF9784 /* ContentView.swift */ = {isa = PBXFileReference; lastKnownFileType = sourcecode.swift; path = ContentView.swift; sourceTree = "<group>"; };
		D231B92D28B7D41500DF9784 /* Assets.xcassets */ = {isa = PBXFileReference; lastKnownFileType = folder.assetcatalog; path = Assets.xcassets; sourceTree = "<group>"; };
		D231B92F28B7D41500DF9784 /* BugPopulations.entitlements */ = {isa = PBXFileReference; lastKnownFileType = text.plist.entitlements; path = BugPopulations.entitlements; sourceTree = "<group>"; };
		D231B93128B7D41500DF9784 /* Preview Assets.xcassets */ = {isa = PBXFileReference; lastKnownFileType = folder.assetcatalog; path = "Preview Assets.xcassets"; sourceTree = "<group>"; };
		D231B93728B7D41500DF9784 /* BugPopulationsTests.xctest */ = {isa = PBXFileReference; explicitFileType = wrapper.cfbundle; includeInIndex = 0; path = BugPopulationsTests.xctest; sourceTree = BUILT_PRODUCTS_DIR; };
		D231B93B28B7D41600DF9784 /* BugPopulationsTests.swift */ = {isa = PBXFileReference; lastKnownFileType = sourcecode.swift; path = BugPopulationsTests.swift; sourceTree = "<group>"; };
		D231B94128B7D41600DF9784 /* BugPopulationsUITests.xctest */ = {isa = PBXFileReference; explicitFileType = wrapper.cfbundle; includeInIndex = 0; path = BugPopulationsUITests.xctest; sourceTree = BUILT_PRODUCTS_DIR; };
		D231B94528B7D41600DF9784 /* BugPopulationsUITests.swift */ = {isa = PBXFileReference; lastKnownFileType = sourcecode.swift; path = BugPopulationsUITests.swift; sourceTree = "<group>"; };
		D231B94728B7D41600DF9784 /* BugPopulationsUITestsLaunchTests.swift */ = {isa = PBXFileReference; lastKnownFileType = sourcecode.swift; path = BugPopulationsUITestsLaunchTests.swift; sourceTree = "<group>"; };
		D231B95428B7D51200DF9784 /* Operators.swift */ = {isa = PBXFileReference; lastKnownFileType = sourcecode.swift; path = Operators.swift; sourceTree = "<group>"; };
		D231B95828B7D57600DF9784 /* TextView.swift */ = {isa = PBXFileReference; lastKnownFileType = sourcecode.swift; path = TextView.swift; sourceTree = "<group>"; };
		D231B95C28B7D5F000DF9784 /* TextExportDocument.swift */ = {isa = PBXFileReference; lastKnownFileType = sourcecode.swift; path = TextExportDocument.swift; sourceTree = "<group>"; };
		D231B96028B7D67200DF9784 /* CalculatePlotData.swift */ = {isa = PBXFileReference; lastKnownFileType = sourcecode.swift; path = CalculatePlotData.swift; sourceTree = "<group>"; };
		D231B96428B7D6BF00DF9784 /* ChangingPlotParameters.swift */ = {isa = PBXFileReference; lastKnownFileType = sourcecode.swift; path = ChangingPlotParameters.swift; sourceTree = "<group>"; };
		D231B96828B7D7E700DF9784 /* PlotDataStruct.swift */ = {isa = PBXFileReference; lastKnownFileType = sourcecode.swift; path = PlotDataStruct.swift; sourceTree = "<group>"; };
		D231B96C28B7D92200DF9784 /* PlotClass.swift */ = {isa = PBXFileReference; lastKnownFileType = sourcecode.swift; path = PlotClass.swift; sourceTree = "<group>"; };
		D231B97028B7D97300DF9784 /* PlotDataClass.swift */ = {isa = PBXFileReference; lastKnownFileType = sourcecode.swift; path = PlotDataClass.swift; sourceTree = "<group>"; };
/* End PBXFileReference section */

/* Begin PBXFrameworksBuildPhase section */
		D231B92328B7D41400DF9784 /* Frameworks */ = {
			isa = PBXFrameworksBuildPhase;
			buildActionMask = 2147483647;
			files = (
			);
			runOnlyForDeploymentPostprocessing = 0;
		};
		D231B93428B7D41500DF9784 /* Frameworks */ = {
			isa = PBXFrameworksBuildPhase;
			buildActionMask = 2147483647;
			files = (
			);
			runOnlyForDeploymentPostprocessing = 0;
		};
		D231B93E28B7D41600DF9784 /* Frameworks */ = {
			isa = PBXFrameworksBuildPhase;
			buildActionMask = 2147483647;
			files = (
			);
			runOnlyForDeploymentPostprocessing = 0;
		};
/* End PBXFrameworksBuildPhase section */

/* Begin PBXGroup section */
		D231B91D28B7D41400DF9784 = {
			isa = PBXGroup;
			children = (
				D231B92828B7D41400DF9784 /* BugPopulations */,
				D231B93A28B7D41600DF9784 /* BugPopulations Tests */,
				D231B94428B7D41600DF9784 /* BugPopulations UITests */,
				D231B92728B7D41400DF9784 /* Products */,
			);
			sourceTree = "<group>";
		};
		D231B92728B7D41400DF9784 /* Products */ = {
			isa = PBXGroup;
			children = (
				D231B92628B7D41400DF9784 /* BugPopulations.app */,
				D231B93728B7D41500DF9784 /* BugPopulationsTests.xctest */,
				D231B94128B7D41600DF9784 /* BugPopulationsUITests.xctest */,
			);
			name = Products;
			sourceTree = "<group>";
		};
		D231B92828B7D41400DF9784 /* BugPopulations */ = {
			isa = PBXGroup;
			children = (
				D231B92928B7D41400DF9784 /* BugPopulationsApp.swift */,
				D231B96028B7D67200DF9784 /* CalculatePlotData.swift */,
				D231B97028B7D97300DF9784 /* PlotDataClass.swift */,
				D231B96428B7D6BF00DF9784 /* ChangingPlotParameters.swift */,
				D231B96828B7D7E700DF9784 /* PlotDataStruct.swift */,
				D231B96C28B7D92200DF9784 /* PlotClass.swift */,
				D231B92B28B7D41400DF9784 /* ContentView.swift */,
				D231B95428B7D51200DF9784 /* Operators.swift */,
				D231B95828B7D57600DF9784 /* TextView.swift */,
				D231B95C28B7D5F000DF9784 /* TextExportDocument.swift */,
				D231B92D28B7D41500DF9784 /* Assets.xcassets */,
				D231B92F28B7D41500DF9784 /* BugPopulations.entitlements */,
				D231B93028B7D41500DF9784 /* Preview Content */,
			);
			path = BugPopulations;
			sourceTree = "<group>";
		};
		D231B93028B7D41500DF9784 /* Preview Content */ = {
			isa = PBXGroup;
			children = (
				D231B93128B7D41500DF9784 /* Preview Assets.xcassets */,
			);
			path = "Preview Content";
			sourceTree = "<group>";
		};
		D231B93A28B7D41600DF9784 /* BugPopulations Tests */ = {
			isa = PBXGroup;
			children = (
				D231B93B28B7D41600DF9784 /* BugPopulationsTests.swift */,
			);
			path = "BugPopulations Tests";
			sourceTree = "<group>";
		};
		D231B94428B7D41600DF9784 /* BugPopulations UITests */ = {
			isa = PBXGroup;
			children = (
				D231B94528B7D41600DF9784 /* BugPopulationsUITests.swift */,
				D231B94728B7D41600DF9784 /* BugPopulationsUITestsLaunchTests.swift */,
			);
			path = "BugPopulations UITests";
			sourceTree = "<group>";
		};
/* End PBXGroup section */

/* Begin PBXNativeTarget section */
		D231B92528B7D41400DF9784 /* BugPopulations */ = {
			isa = PBXNativeTarget;
			buildConfigurationList = D231B94B28B7D41600DF9784 /* Build configuration list for PBXNativeTarget "BugPopulations" */;
			buildPhases = (
				D231B92228B7D41400DF9784 /* Sources */,
				D231B92328B7D41400DF9784 /* Frameworks */,
				D231B92428B7D41400DF9784 /* Resources */,
			);
			buildRules = (
			);
			dependencies = (
			);
			name = BugPopulations;
			productName = "Test Plot Threaded Charts";
			productReference = D231B92628B7D41400DF9784 /* BugPopulations.app */;
			productType = "com.apple.product-type.application";
		};
		D231B93628B7D41500DF9784 /* BugPopulationsTests */ = {
			isa = PBXNativeTarget;
			buildConfigurationList = D231B94E28B7D41600DF9784 /* Build configuration list for PBXNativeTarget "BugPopulationsTests" */;
			buildPhases = (
				D231B93328B7D41500DF9784 /* Sources */,
				D231B93428B7D41500DF9784 /* Frameworks */,
				D231B93528B7D41500DF9784 /* Resources */,
			);
			buildRules = (
			);
			dependencies = (
				D231B93928B7D41500DF9784 /* PBXTargetDependency */,
			);
			name = BugPopulationsTests;
			productName = "Test Plot Threaded ChartsTests";
			productReference = D231B93728B7D41500DF9784 /* BugPopulationsTests.xctest */;
			productType = "com.apple.product-type.bundle.unit-test";
		};
		D231B94028B7D41600DF9784 /* BugPopulationsUITests */ = {
			isa = PBXNativeTarget;
			buildConfigurationList = D231B95128B7D41600DF9784 /* Build configuration list for PBXNativeTarget "BugPopulationsUITests" */;
			buildPhases = (
				D231B93D28B7D41600DF9784 /* Sources */,
				D231B93E28B7D41600DF9784 /* Frameworks */,
				D231B93F28B7D41600DF9784 /* Resources */,
			);
			buildRules = (
			);
			dependencies = (
				D231B94328B7D41600DF9784 /* PBXTargetDependency */,
			);
			name = BugPopulationsUITests;
			productName = "Test Plot Threaded ChartsUITests";
			productReference = D231B94128B7D41600DF9784 /* BugPopulationsUITests.xctest */;
			productType = "com.apple.product-type.bundle.ui-testing";
		};
/* End PBXNativeTarget section */

/* Begin PBXProject section */
		D231B91E28B7D41400DF9784 /* Project object */ = {
			isa = PBXProject;
			attributes = {
				BuildIndependentTargetsInParallel = 1;
				LastSwiftUpdateCheck = 1400;
				LastUpgradeCheck = 1400;
				TargetAttributes = {
					D231B92528B7D41400DF9784 = {
						CreatedOnToolsVersion = 14.0;
					};
					D231B93628B7D41500DF9784 = {
						CreatedOnToolsVersion = 14.0;
						TestTargetID = D231B92528B7D41400DF9784;
					};
					D231B94028B7D41600DF9784 = {
						CreatedOnToolsVersion = 14.0;
						TestTargetID = D231B92528B7D41400DF9784;
					};
				};
			};
			buildConfigurationList = D231B92128B7D41400DF9784 /* Build configuration list for PBXProject "BugPopulations" */;
			compatibilityVersion = "Xcode 14.0";
			developmentRegion = en;
			hasScannedForEncodings = 0;
			knownRegions = (
				en,
				Base,
			);
			mainGroup = D231B91D28B7D41400DF9784;
			productRefGroup = D231B92728B7D41400DF9784 /* Products */;
			projectDirPath = "";
			projectRoot = "";
			targets = (
				D231B92528B7D41400DF9784 /* BugPopulations */,
				D231B93628B7D41500DF9784 /* BugPopulationsTests */,
				D231B94028B7D41600DF9784 /* BugPopulationsUITests */,
			);
		};
/* End PBXProject section */

/* Begin PBXResourcesBuildPhase section */
		D231B92428B7D41400DF9784 /* Resources */ = {
			isa = PBXResourcesBuildPhase;
			buildActionMask = 2147483647;
			files = (
				D231B93228B7D41500DF9784 /* Preview Assets.xcassets in Resources */,
				D231B92E28B7D41500DF9784 /* Assets.xcassets in Resources */,
			);
			runOnlyForDeploymentPostprocessing = 0;
		};
		D231B93528B7D41500DF9784 /* Resources */ = {
			isa = PBXResourcesBuildPhase;
			buildActionMask = 2147483647;
			files = (
			);
			runOnlyForDeploymentPostprocessing = 0;
		};
		D231B93F28B7D41600DF9784 /* Resources */ = {
			isa = PBXResourcesBuildPhase;
			buildActionMask = 2147483647;
			files = (
			);
			runOnlyForDeploymentPostprocessing = 0;
		};
/* End PBXResourcesBuildPhase section */

/* Begin PBXSourcesBuildPhase section */
		D231B92228B7D41400DF9784 /* Sources */ = {
			isa = PBXSourcesBuildPhase;
			buildActionMask = 2147483647;
			files = (
				D231B92C28B7D41400DF9784 /* ContentView.swift in Sources */,
				D231B96128B7D67200DF9784 /* CalculatePlotData.swift in Sources */,
				D231B95928B7D57600DF9784 /* TextView.swift in Sources */,
				D231B92A28B7D41400DF9784 /* BugPopulationsApp.swift in Sources */,
				D231B95528B7D51200DF9784 /* Operators.swift in Sources */,
				D231B96928B7D7E700DF9784 /* PlotDataStruct.swift in Sources */,
				D231B96528B7D6BF00DF9784 /* ChangingPlotParameters.swift in Sources */,
				D231B97128B7D97300DF9784 /* PlotDataClass.swift in Sources */,
				D231B95D28B7D5F000DF9784 /* TextExportDocument.swift in Sources */,
				D231B96D28B7D92200DF9784 /* PlotClass.swift in Sources */,
			);
			runOnlyForDeploymentPostprocessing = 0;
		};
		D231B93328B7D41500DF9784 /* Sources */ = {
			isa = PBXSourcesBuildPhase;
			buildActionMask = 2147483647;
			files = (
				D231B95A28B7D57600DF9784 /* TextView.swift in Sources */,
				D231B95E28B7D5F000DF9784 /* TextExportDocument.swift in Sources */,
				D231B93C28B7D41600DF9784 /* BugPopulationsTests.swift in Sources */,
				D231B96228B7D67200DF9784 /* CalculatePlotData.swift in Sources */,
				D231B97228B7D97300DF9784 /* PlotDataClass.swift in Sources */,
				D231B95628B7D51200DF9784 /* Operators.swift in Sources */,
				D231B96A28B7D7E700DF9784 /* PlotDataStruct.swift in Sources */,
				D231B96628B7D6BF00DF9784 /* ChangingPlotParameters.swift in Sources */,
				D231B96E28B7D92200DF9784 /* PlotClass.swift in Sources */,
			);
			runOnlyForDeploymentPostprocessing = 0;
		};
		D231B93D28B7D41600DF9784 /* Sources */ = {
			isa = PBXSourcesBuildPhase;
			buildActionMask = 2147483647;
			files = (
				D231B94628B7D41600DF9784 /* BugPopulationsUITests.swift in Sources */,
				D231B96328B7D67200DF9784 /* CalculatePlotData.swift in Sources */,
				D231B95B28B7D57600DF9784 /* TextView.swift in Sources */,
				D231B94828B7D41600DF9784 /* BugPopulationsUITestsLaunchTests.swift in Sources */,
				D231B95728B7D51200DF9784 /* Operators.swift in Sources */,
				D231B96B28B7D7E700DF9784 /* PlotDataStruct.swift in Sources */,
				D231B96728B7D6BF00DF9784 /* ChangingPlotParameters.swift in Sources */,
				D231B97328B7D97300DF9784 /* PlotDataClass.swift in Sources */,
				D231B95F28B7D5F000DF9784 /* TextExportDocument.swift in Sources */,
				D231B96F28B7D92200DF9784 /* PlotClass.swift in Sources */,
			);
			runOnlyForDeploymentPostprocessing = 0;
		};
/* End PBXSourcesBuildPhase section */

/* Begin PBXTargetDependency section */
		D231B93928B7D41500DF9784 /* PBXTargetDependency */ = {
			isa = PBXTargetDependency;
			target = D231B92528B7D41400DF9784 /* BugPopulations */;
			targetProxy = D231B93828B7D41500DF9784 /* PBXContainerItemProxy */;
		};
		D231B94328B7D41600DF9784 /* PBXTargetDependency */ = {
			isa = PBXTargetDependency;
			target = D231B92528B7D41400DF9784 /* BugPopulations */;
			targetProxy = D231B94228B7D41600DF9784 /* PBXContainerItemProxy */;
		};
/* End PBXTargetDependency section */

/* Begin XCBuildConfiguration section */
		D231B94928B7D41600DF9784 /* Debug */ = {
			isa = XCBuildConfiguration;
			buildSettings = {
				ALWAYS_SEARCH_USER_PATHS = NO;
				CLANG_ANALYZER_NONNULL = YES;
				CLANG_ANALYZER_NUMBER_OBJECT_CONVERSION = YES_AGGRESSIVE;
				CLANG_CXX_LANGUAGE_STANDARD = "gnu++20";
				CLANG_ENABLE_MODULES = YES;
				CLANG_ENABLE_OBJC_ARC = YES;
				CLANG_ENABLE_OBJC_WEAK = YES;
				CLANG_WARN_BLOCK_CAPTURE_AUTORELEASING = YES;
				CLANG_WARN_BOOL_CONVERSION = YES;
				CLANG_WARN_COMMA = YES;
				CLANG_WARN_CONSTANT_CONVERSION = YES;
				CLANG_WARN_DEPRECATED_OBJC_IMPLEMENTATIONS = YES;
				CLANG_WARN_DIRECT_OBJC_ISA_USAGE = YES_ERROR;
				CLANG_WARN_DOCUMENTATION_COMMENTS = YES;
				CLANG_WARN_EMPTY_BODY = YES;
				CLANG_WARN_ENUM_CONVERSION = YES;
				CLANG_WARN_INFINITE_RECURSION = YES;
				CLANG_WARN_INT_CONVERSION = YES;
				CLANG_WARN_NON_LITERAL_NULL_CONVERSION = YES;
				CLANG_WARN_OBJC_IMPLICIT_RETAIN_SELF = YES;
				CLANG_WARN_OBJC_LITERAL_CONVERSION = YES;
				CLANG_WARN_OBJC_ROOT_CLASS = YES_ERROR;
				CLANG_WARN_QUOTED_INCLUDE_IN_FRAMEWORK_HEADER = YES;
				CLANG_WARN_RANGE_LOOP_ANALYSIS = YES;
				CLANG_WARN_STRICT_PROTOTYPES = YES;
				CLANG_WARN_SUSPICIOUS_MOVE = YES;
				CLANG_WARN_UNGUARDED_AVAILABILITY = YES_AGGRESSIVE;
				CLANG_WARN_UNREACHABLE_CODE = YES;
				CLANG_WARN__DUPLICATE_METHOD_MATCH = YES;
				COPY_PHASE_STRIP = NO;
				DEBUG_INFORMATION_FORMAT = dwarf;
				ENABLE_STRICT_OBJC_MSGSEND = YES;
				ENABLE_TESTABILITY = YES;
				GCC_C_LANGUAGE_STANDARD = gnu11;
				GCC_DYNAMIC_NO_PIC = NO;
				GCC_NO_COMMON_BLOCKS = YES;
				GCC_OPTIMIZATION_LEVEL = 0;
				GCC_PREPROCESSOR_DEFINITIONS = (
					"DEBUG=1",
					"$(inherited)",
				);
				GCC_WARN_64_TO_32_BIT_CONVERSION = YES;
				GCC_WARN_ABOUT_RETURN_TYPE = YES_ERROR;
				GCC_WARN_UNDECLARED_SELECTOR = YES;
				GCC_WARN_UNINITIALIZED_AUTOS = YES_AGGRESSIVE;
				GCC_WARN_UNUSED_FUNCTION = YES;
				GCC_WARN_UNUSED_VARIABLE = YES;
				MTL_ENABLE_DEBUG_INFO = INCLUDE_SOURCE;
				MTL_FAST_MATH = YES;
				ONLY_ACTIVE_ARCH = YES;
				SWIFT_ACTIVE_COMPILATION_CONDITIONS = DEBUG;
				SWIFT_OPTIMIZATION_LEVEL = "-Onone";
			};
			name = Debug;
		};
		D231B94A28B7D41600DF9784 /* Release */ = {
			isa = XCBuildConfiguration;
			buildSettings = {
				ALWAYS_SEARCH_USER_PATHS = NO;
				CLANG_ANALYZER_NONNULL = YES;
				CLANG_ANALYZER_NUMBER_OBJECT_CONVERSION = YES_AGGRESSIVE;
				CLANG_CXX_LANGUAGE_STANDARD = "gnu++20";
				CLANG_ENABLE_MODULES = YES;
				CLANG_ENABLE_OBJC_ARC = YES;
				CLANG_ENABLE_OBJC_WEAK = YES;
				CLANG_WARN_BLOCK_CAPTURE_AUTORELEASING = YES;
				CLANG_WARN_BOOL_CONVERSION = YES;
				CLANG_WARN_COMMA = YES;
				CLANG_WARN_CONSTANT_CONVERSION = YES;
				CLANG_WARN_DEPRECATED_OBJC_IMPLEMENTATIONS = YES;
				CLANG_WARN_DIRECT_OBJC_ISA_USAGE = YES_ERROR;
				CLANG_WARN_DOCUMENTATION_COMMENTS = YES;
				CLANG_WARN_EMPTY_BODY = YES;
				CLANG_WARN_ENUM_CONVERSION = YES;
				CLANG_WARN_INFINITE_RECURSION = YES;
				CLANG_WARN_INT_CONVERSION = YES;
				CLANG_WARN_NON_LITERAL_NULL_CONVERSION = YES;
				CLANG_WARN_OBJC_IMPLICIT_RETAIN_SELF = YES;
				CLANG_WARN_OBJC_LITERAL_CONVERSION = YES;
				CLANG_WARN_OBJC_ROOT_CLASS = YES_ERROR;
				CLANG_WARN_QUOTED_INCLUDE_IN_FRAMEWORK_HEADER = YES;
				CLANG_WARN_RANGE_LOOP_ANALYSIS = YES;
				CLANG_WARN_STRICT_PROTOTYPES = YES;
				CLANG_WARN_SUSPICIOUS_MOVE = YES;
				CLANG_WARN_UNGUARDED_AVAILABILITY = YES_AGGRESSIVE;
				CLANG_WARN_UNREACHABLE_CODE = YES;
				CLANG_WARN__DUPLICATE_METHOD_MATCH = YES;
				COPY_PHASE_STRIP = NO;
				DEBUG_INFORMATION_FORMAT = "dwarf-with-dsym";
				ENABLE_NS_ASSERTIONS = NO;
				ENABLE_STRICT_OBJC_MSGSEND = YES;
				GCC_C_LANGUAGE_STANDARD = gnu11;
				GCC_NO_COMMON_BLOCKS = YES;
				GCC_WARN_64_TO_32_BIT_CONVERSION = YES;
				GCC_WARN_ABOUT_RETURN_TYPE = YES_ERROR;
				GCC_WARN_UNDECLARED_SELECTOR = YES;
				GCC_WARN_UNINITIALIZED_AUTOS = YES_AGGRESSIVE;
				GCC_WARN_UNUSED_FUNCTION = YES;
				GCC_WARN_UNUSED_VARIABLE = YES;
				MTL_ENABLE_DEBUG_INFO = NO;
				MTL_FAST_MATH = YES;
				ONLY_ACTIVE_ARCH = YES;
				SWIFT_COMPILATION_MODE = wholemodule;
				SWIFT_OPTIMIZATION_LEVEL = "-O";
			};
			name = Release;
		};
		D231B94C28B7D41600DF9784 /* Debug */ = {
			isa = XCBuildConfiguration;
			buildSettings = {
				ASSETCATALOG_COMPILER_APPICON_NAME = AppIcon;
				ASSETCATALOG_COMPILER_GLOBAL_ACCENT_COLOR_NAME = AccentColor;
				CODE_SIGN_ENTITLEMENTS = BugPopulations/BugPopulations.entitlements;
				CODE_SIGN_STYLE = Automatic;
				CURRENT_PROJECT_VERSION = 1;
				DEVELOPMENT_ASSET_PATHS = "\"BugPopulations/Preview Content\"";
				ENABLE_PREVIEWS = YES;
				GENERATE_INFOPLIST_FILE = YES;
				"INFOPLIST_KEY_UIApplicationSceneManifest_Generation[sdk=iphoneos*]" = YES;
				"INFOPLIST_KEY_UIApplicationSceneManifest_Generation[sdk=iphonesimulator*]" = YES;
				"INFOPLIST_KEY_UIApplicationSupportsIndirectInputEvents[sdk=iphoneos*]" = YES;
				"INFOPLIST_KEY_UIApplicationSupportsIndirectInputEvents[sdk=iphonesimulator*]" = YES;
				"INFOPLIST_KEY_UILaunchScreen_Generation[sdk=iphoneos*]" = YES;
				"INFOPLIST_KEY_UILaunchScreen_Generation[sdk=iphonesimulator*]" = YES;
				"INFOPLIST_KEY_UIStatusBarStyle[sdk=iphoneos*]" = UIStatusBarStyleDefault;
				"INFOPLIST_KEY_UIStatusBarStyle[sdk=iphonesimulator*]" = UIStatusBarStyleDefault;
				INFOPLIST_KEY_UISupportedInterfaceOrientations_iPad = "UIInterfaceOrientationPortrait UIInterfaceOrientationPortraitUpsideDown UIInterfaceOrientationLandscapeLeft UIInterfaceOrientationLandscapeRight";
				INFOPLIST_KEY_UISupportedInterfaceOrientations_iPhone = "UIInterfaceOrientationPortrait UIInterfaceOrientationLandscapeLeft UIInterfaceOrientationLandscapeRight";
				IPHONEOS_DEPLOYMENT_TARGET = 16.0;
				LD_RUNPATH_SEARCH_PATHS = "@executable_path/Frameworks";
				"LD_RUNPATH_SEARCH_PATHS[sdk=macosx*]" = "@executable_path/../Frameworks";
				MACOSX_DEPLOYMENT_TARGET = 13.0;
				MARKETING_VERSION = 1.0;
				PRODUCT_BUNDLE_IDENTIFIER = "jtiit.Test-Plot-Threaded-Charts";
				PRODUCT_NAME = "$(TARGET_NAME)";
				SDKROOT = auto;
				SUPPORTED_PLATFORMS = "iphoneos iphonesimulator macosx";
				SWIFT_EMIT_LOC_STRINGS = YES;
				SWIFT_VERSION = 5.0;
				TARGETED_DEVICE_FAMILY = "1,2";
			};
			name = Debug;
		};
		D231B94D28B7D41600DF9784 /* Release */ = {
			isa = XCBuildConfiguration;
			buildSettings = {
				ASSETCATALOG_COMPILER_APPICON_NAME = AppIcon;
				ASSETCATALOG_COMPILER_GLOBAL_ACCENT_COLOR_NAME = AccentColor;
				CODE_SIGN_ENTITLEMENTS = BugPopulations/BugPopulations.entitlements;
				CODE_SIGN_STYLE = Automatic;
				CURRENT_PROJECT_VERSION = 1;
				DEVELOPMENT_ASSET_PATHS = "\"BugPopulations/Preview Content\"";
				ENABLE_PREVIEWS = YES;
				GENERATE_INFOPLIST_FILE = YES;
				"INFOPLIST_KEY_UIApplicationSceneManifest_Generation[sdk=iphoneos*]" = YES;
				"INFOPLIST_KEY_UIApplicationSceneManifest_Generation[sdk=iphonesimulator*]" = YES;
				"INFOPLIST_KEY_UIApplicationSupportsIndirectInputEvents[sdk=iphoneos*]" = YES;
				"INFOPLIST_KEY_UIApplicationSupportsIndirectInputEvents[sdk=iphonesimulator*]" = YES;
				"INFOPLIST_KEY_UILaunchScreen_Generation[sdk=iphoneos*]" = YES;
				"INFOPLIST_KEY_UILaunchScreen_Generation[sdk=iphonesimulator*]" = YES;
				"INFOPLIST_KEY_UIStatusBarStyle[sdk=iphoneos*]" = UIStatusBarStyleDefault;
				"INFOPLIST_KEY_UIStatusBarStyle[sdk=iphonesimulator*]" = UIStatusBarStyleDefault;
				INFOPLIST_KEY_UISupportedInterfaceOrientations_iPad = "UIInterfaceOrientationPortrait UIInterfaceOrientationPortraitUpsideDown UIInterfaceOrientationLandscapeLeft UIInterfaceOrientationLandscapeRight";
				INFOPLIST_KEY_UISupportedInterfaceOrientations_iPhone = "UIInterfaceOrientationPortrait UIInterfaceOrientationLandscapeLeft UIInterfaceOrientationLandscapeRight";
				IPHONEOS_DEPLOYMENT_TARGET = 16.0;
				LD_RUNPATH_SEARCH_PATHS = "@executable_path/Frameworks";
				"LD_RUNPATH_SEARCH_PATHS[sdk=macosx*]" = "@executable_path/../Frameworks";
				MACOSX_DEPLOYMENT_TARGET = 13.0;
				MARKETING_VERSION = 1.0;
				PRODUCT_BUNDLE_IDENTIFIER = "jtiit.Test-Plot-Threaded-Charts";
				PRODUCT_NAME = "$(TARGET_NAME)";
				SDKROOT = auto;
				SUPPORTED_PLATFORMS = "iphoneos iphonesimulator macosx";
				SWIFT_EMIT_LOC_STRINGS = YES;
				SWIFT_VERSION = 5.0;
				TARGETED_DEVICE_FAMILY = "1,2";
			};
			name = Release;
		};
		D231B94F28B7D41600DF9784 /* Debug */ = {
			isa = XCBuildConfiguration;
			buildSettings = {
				ALWAYS_EMBED_SWIFT_STANDARD_LIBRARIES = YES;
				BUNDLE_LOADER = "$(TEST_HOST)";
				CODE_SIGN_STYLE = Automatic;
				CURRENT_PROJECT_VERSION = 1;
				GENERATE_INFOPLIST_FILE = YES;
				IPHONEOS_DEPLOYMENT_TARGET = 16.0;
				MACOSX_DEPLOYMENT_TARGET = 13.0;
				MARKETING_VERSION = 1.0;
				PRODUCT_BUNDLE_IDENTIFIER = jtiit.BugPopulationsTests;
				PRODUCT_NAME = "$(TARGET_NAME)";
				SDKROOT = auto;
				SUPPORTED_PLATFORMS = "iphoneos iphonesimulator macosx";
				SWIFT_EMIT_LOC_STRINGS = NO;
				SWIFT_VERSION = 5.0;
				TARGETED_DEVICE_FAMILY = "1,2";
				TEST_HOST = "$(BUILT_PRODUCTS_DIR)/BugPopulations.app/$(BUNDLE_EXECUTABLE_FOLDER_PATH)/BugPopulations";
			};
			name = Debug;
		};
		D231B95028B7D41600DF9784 /* Release */ = {
			isa = XCBuildConfiguration;
			buildSettings = {
				ALWAYS_EMBED_SWIFT_STANDARD_LIBRARIES = YES;
				BUNDLE_LOADER = "$(TEST_HOST)";
				CODE_SIGN_STYLE = Automatic;
				CURRENT_PROJECT_VERSION = 1;
				GENERATE_INFOPLIST_FILE = YES;
				IPHONEOS_DEPLOYMENT_TARGET = 16.0;
				MACOSX_DEPLOYMENT_TARGET = 13.0;
				MARKETING_VERSION = 1.0;
				PRODUCT_BUNDLE_IDENTIFIER = jtiit.BugPopulationsTests;
				PRODUCT_NAME = "$(TARGET_NAME)";
				SDKROOT = auto;
				SUPPORTED_PLATFORMS = "iphoneos iphonesimulator macosx";
				SWIFT_EMIT_LOC_STRINGS = NO;
				SWIFT_VERSION = 5.0;
				TARGETED_DEVICE_FAMILY = "1,2";
				TEST_HOST = "$(BUILT_PRODUCTS_DIR)/BugPopulations.app/$(BUNDLE_EXECUTABLE_FOLDER_PATH)/BugPopulations";
			};
			name = Release;
		};
		D231B95228B7D41600DF9784 /* Debug */ = {
			isa = XCBuildConfiguration;
			buildSettings = {
				ALWAYS_EMBED_SWIFT_STANDARD_LIBRARIES = YES;
				CODE_SIGN_STYLE = Automatic;
				CURRENT_PROJECT_VERSION = 1;
				GENERATE_INFOPLIST_FILE = YES;
				IPHONEOS_DEPLOYMENT_TARGET = 16.0;
				MACOSX_DEPLOYMENT_TARGET = 13.0;
				MARKETING_VERSION = 1.0;
				PRODUCT_BUNDLE_IDENTIFIER = jtiit.BugPopulationsUITests;
				PRODUCT_NAME = "$(TARGET_NAME)";
				SDKROOT = auto;
				SUPPORTED_PLATFORMS = "iphoneos iphonesimulator macosx";
				SWIFT_EMIT_LOC_STRINGS = NO;
				SWIFT_VERSION = 5.0;
				TARGETED_DEVICE_FAMILY = "1,2";
				TEST_TARGET_NAME = "Test Plot Threaded Charts";
			};
			name = Debug;
		};
		D231B95328B7D41600DF9784 /* Release */ = {
			isa = XCBuildConfiguration;
			buildSettings = {
				ALWAYS_EMBED_SWIFT_STANDARD_LIBRARIES = YES;
				CODE_SIGN_STYLE = Automatic;
				CURRENT_PROJECT_VERSION = 1;
				GENERATE_INFOPLIST_FILE = YES;
				IPHONEOS_DEPLOYMENT_TARGET = 16.0;
				MACOSX_DEPLOYMENT_TARGET = 13.0;
				MARKETING_VERSION = 1.0;
				PRODUCT_BUNDLE_IDENTIFIER = jtiit.BugPopulationsUITests;
				PRODUCT_NAME = "$(TARGET_NAME)";
				SDKROOT = auto;
				SUPPORTED_PLATFORMS = "iphoneos iphonesimulator macosx";
				SWIFT_EMIT_LOC_STRINGS = NO;
				SWIFT_VERSION = 5.0;
				TARGETED_DEVICE_FAMILY = "1,2";
				TEST_TARGET_NAME = "Test Plot Threaded Charts";
			};
			name = Release;
		};
/* End XCBuildConfiguration section */

/* Begin XCConfigurationList section */
		D231B92128B7D41400DF9784 /* Build configuration list for PBXProject "BugPopulations" */ = {
			isa = XCConfigurationList;
			buildConfigurations = (
				D231B94928B7D41600DF9784 /* Debug */,
				D231B94A28B7D41600DF9784 /* Release */,
			);
			defaultConfigurationIsVisible = 0;
			defaultConfigurationName = Release;
		};
		D231B94B28B7D41600DF9784 /* Build configuration list for PBXNativeTarget "BugPopulations" */ = {
			isa = XCConfigurationList;
			buildConfigurations = (
				D231B94C28B7D41600DF9784 /* Debug */,
				D231B94D28B7D41600DF9784 /* Release */,
			);
			defaultConfigurationIsVisible = 0;
			defaultConfigurationName = Release;
		};
		D231B94E28B7D41600DF9784 /* Build configuration list for PBXNativeTarget "BugPopulationsTests" */ = {
			isa = XCConfigurationList;
			buildConfigurations = (
				D231B94F28B7D41600DF9784 /* Debug */,
				D231B95028B7D41600DF9784 /* Release */,
			);
			defaultConfigurationIsVisible = 0;
			defaultConfigurationName = Release;
		};
		D231B95128B7D41600DF9784 /* Build configuration list for PBXNativeTarget "BugPopulationsUITests" */ = {
			isa = XCConfigurationList;
			buildConfigurations = (
				D231B95228B7D41600DF9784 /* Debug */,
				D231B95328B7D41600DF9784 /* Release */,
			);
			defaultConfigurationIsVisible = 0;
			defaultConfigurationName = Release;
		};
/* End XCConfigurationList section */
	};
	rootObject = D231B91E28B7D41400DF9784 /* Project object */;
}
